
Microsoft Visual Studio Solution File, Format Version 12.00
# Visual Studio Version 16
VisualStudioVersion = 16.0.31829.152
MinimumVisualStudioVersion = 10.0.40219.1
Project("{9A19103F-16F7-4668-BE54-9A1E7A4F7556}") = "PC_Shop.Dal", "PC_Shop\PC_Shop.Dal.csproj", "{FB62DECA-F544-4ABC-95B2-0F727FDDBDED}"
EndProject
Project("{FAE04EC0-301F-11D3-BF4B-00C04F79EFBC}") = "PC_Shop_classLibrary", "PC_Shop_classLibrary\PC_Shop_classLibrary.csproj", "{3762C98A-CE8B-46DC-9E60-AFADB5385BA0}"
EndProject
Global
	GlobalSection(SolutionConfigurationPlatforms) = preSolution
		Debug|Any CPU = Debug|Any CPU
		Release|Any CPU = Release|Any CPU
	EndGlobalSection
	GlobalSection(ProjectConfigurationPlatforms) = postSolution
		{FB62DECA-F544-4ABC-95B2-0F727FDDBDED}.Debug|Any CPU.ActiveCfg = Debug|Any CPU
		{FB62DECA-F544-4ABC-95B2-0F727FDDBDED}.Debug|Any CPU.Build.0 = Debug|Any CPU
		{FB62DECA-F544-4ABC-95B2-0F727FDDBDED}.Release|Any CPU.ActiveCfg = Release|Any CPU
		{FB62DECA-F544-4ABC-95B2-0F727FDDBDED}.Release|Any CPU.Build.0 = Release|Any CPU
		{3762C98A-CE8B-46DC-9E60-AFADB5385BA0}.Debug|Any CPU.ActiveCfg = Debug|Any CPU
		{3762C98A-CE8B-46DC-9E60-AFADB5385BA0}.Debug|Any CPU.Build.0 = Debug|Any CPU
		{3762C98A-CE8B-46DC-9E60-AFADB5385BA0}.Release|Any CPU.ActiveCfg = Release|Any CPU
		{3762C98A-CE8B-46DC-9E60-AFADB5385BA0}.Release|Any CPU.Build.0 = Release|Any CPU
	EndGlobalSection
	GlobalSection(SolutionProperties) = preSolution
		HideSolutionNode = FALSE
	EndGlobalSection
	GlobalSection(ExtensibilityGlobals) = postSolution
		SolutionGuid = {01E0028C-1979-429D-88FA-3D83330F0FC7}
	EndGlobalSection
EndGlobal
